
Microsoft Visual Studio Solution File, Format Version 12.00
# Visual Studio Version 16
VisualStudioVersion = 16.0.31402.337
MinimumVisualStudioVersion = 10.0.40219.1
Project("{9A19103F-16F7-4668-BE54-9A1E7A4F7556}") = "mssql-copy-script", "mssql-copy-script.csproj", "{904BFFFF-F1A0-418B-99AB-AEC08DC4FB64}"
EndProject
Global
	GlobalSection(SolutionConfigurationPlatforms) = preSolution
		Debug|Any CPU = Debug|Any CPU
		Release|Any CPU = Release|Any CPU
	EndGlobalSection
	GlobalSection(ProjectConfigurationPlatforms) = postSolution
		{904BFFFF-F1A0-418B-99AB-AEC08DC4FB64}.Debug|Any CPU.ActiveCfg = Debug|Any CPU
		{904BFFFF-F1A0-418B-99AB-AEC08DC4FB64}.Debug|Any CPU.Build.0 = Debug|Any CPU
		{904BFFFF-F1A0-418B-99AB-AEC08DC4FB64}.Release|Any CPU.ActiveCfg = Release|Any CPU
		{904BFFFF-F1A0-418B-99AB-AEC08DC4FB64}.Release|Any CPU.Build.0 = Release|Any CPU
	EndGlobalSection
	GlobalSection(SolutionProperties) = preSolution
		HideSolutionNode = FALSE
	EndGlobalSection
	GlobalSection(ExtensibilityGlobals) = postSolution
		SolutionGuid = {B80B15DF-740E-4483-8896-551138004757}
	EndGlobalSection
EndGlobal
